
Microsoft Visual Studio Solution File, Format Version 12.00
# Visual Studio 2013
VisualStudioVersion = 12.0.40629.0
MinimumVisualStudioVersion = 10.0.40219.1
Project("{FAE04EC0-301F-11D3-BF4B-00C04F79EFBC}") = "BingRestServices", "BingRestServices\BingRestServices.csproj", "{D728EC52-B3AF-4249-BB2F-CF62383E0A38}"
EndProject
Project("{FAE04EC0-301F-11D3-BF4B-00C04F79EFBC}") = "BingRestServices.Tests", "BingRestServices.Tests\BingRestServices.Tests.csproj", "{58BB4201-5A8C-4594-9B71-C80CB14B69C6}"
EndProject
Global
	GlobalSection(SolutionConfigurationPlatforms) = preSolution
		Debug|Any CPU = Debug|Any CPU
		Release|Any CPU = Release|Any CPU
	EndGlobalSection
	GlobalSection(ProjectConfigurationPlatforms) = postSolution
		{D728EC52-B3AF-4249-BB2F-CF62383E0A38}.Debug|Any CPU.ActiveCfg = Debug|Any CPU
		{D728EC52-B3AF-4249-BB2F-CF62383E0A38}.Debug|Any CPU.Build.0 = Debug|Any CPU
		{D728EC52-B3AF-4249-BB2F-CF62383E0A38}.Release|Any CPU.ActiveCfg = Release|Any CPU
		{D728EC52-B3AF-4249-BB2F-CF62383E0A38}.Release|Any CPU.Build.0 = Release|Any CPU
		{58BB4201-5A8C-4594-9B71-C80CB14B69C6}.Debug|Any CPU.ActiveCfg = Debug|Any CPU
		{58BB4201-5A8C-4594-9B71-C80CB14B69C6}.Debug|Any CPU.Build.0 = Debug|Any CPU
		{58BB4201-5A8C-4594-9B71-C80CB14B69C6}.Release|Any CPU.ActiveCfg = Release|Any CPU
		{58BB4201-5A8C-4594-9B71-C80CB14B69C6}.Release|Any CPU.Build.0 = Release|Any CPU
	EndGlobalSection
	GlobalSection(SolutionProperties) = preSolution
		HideSolutionNode = FALSE
	EndGlobalSection
EndGlobal
